
Microsoft Visual Studio Solution File, Format Version 12.00
# Visual Studio Version 16
VisualStudioVersion = 16.0.30804.86
MinimumVisualStudioVersion = 10.0.40219.1
Project("{9A19103F-16F7-4668-BE54-9A1E7A4F7556}") = "SimpleAdAuth", "SimpleAdAuth\SimpleAdAuth.csproj", "{AFF08633-218F-4025-B072-B540293DBDA4}"
EndProject
Project("{FAE04EC0-301F-11D3-BF4B-00C04F79EFBC}") = "SimpleAdAuth.Data", "SimpleAdAuth.Data\SimpleAdAuth.Data.csproj", "{FDCD3A29-D53A-4A7B-AA60-3F600F27A024}"
EndProject
Global
	GlobalSection(SolutionConfigurationPlatforms) = preSolution
		Debug|Any CPU = Debug|Any CPU
		Release|Any CPU = Release|Any CPU
	EndGlobalSection
	GlobalSection(ProjectConfigurationPlatforms) = postSolution
		{AFF08633-218F-4025-B072-B540293DBDA4}.Debug|Any CPU.ActiveCfg = Debug|Any CPU
		{AFF08633-218F-4025-B072-B540293DBDA4}.Debug|Any CPU.Build.0 = Debug|Any CPU
		{AFF08633-218F-4025-B072-B540293DBDA4}.Release|Any CPU.ActiveCfg = Release|Any CPU
		{AFF08633-218F-4025-B072-B540293DBDA4}.Release|Any CPU.Build.0 = Release|Any CPU
		{FDCD3A29-D53A-4A7B-AA60-3F600F27A024}.Debug|Any CPU.ActiveCfg = Debug|Any CPU
		{FDCD3A29-D53A-4A7B-AA60-3F600F27A024}.Debug|Any CPU.Build.0 = Debug|Any CPU
		{FDCD3A29-D53A-4A7B-AA60-3F600F27A024}.Release|Any CPU.ActiveCfg = Release|Any CPU
		{FDCD3A29-D53A-4A7B-AA60-3F600F27A024}.Release|Any CPU.Build.0 = Release|Any CPU
	EndGlobalSection
	GlobalSection(SolutionProperties) = preSolution
		HideSolutionNode = FALSE
	EndGlobalSection
	GlobalSection(ExtensibilityGlobals) = postSolution
		SolutionGuid = {7AF4C582-7269-43B8-AC17-69087B2AA2C5}
	EndGlobalSection
EndGlobal
